
Microsoft Visual Studio Solution File, Format Version 12.00
# Visual Studio 14
VisualStudioVersion = 14.0.25420.1
MinimumVisualStudioVersion = 10.0.40219.1
Project("{FAE04EC0-301F-11D3-BF4B-00C04F79EFBC}") = "ConsoleHelloWorld", "CSharp-Training\ConsoleHelloWorld.csproj", "{C558CCD7-F061-480E-83A9-6B14E907F920}"
EndProject
Global
	GlobalSection(SolutionConfigurationPlatforms) = preSolution
		Debug|Any CPU = Debug|Any CPU
		Release|Any CPU = Release|Any CPU
	EndGlobalSection
	GlobalSection(ProjectConfigurationPlatforms) = postSolution
		{C558CCD7-F061-480E-83A9-6B14E907F920}.Debug|Any CPU.ActiveCfg = Debug|Any CPU
		{C558CCD7-F061-480E-83A9-6B14E907F920}.Debug|Any CPU.Build.0 = Debug|Any CPU
		{C558CCD7-F061-480E-83A9-6B14E907F920}.Release|Any CPU.ActiveCfg = Release|Any CPU
		{C558CCD7-F061-480E-83A9-6B14E907F920}.Release|Any CPU.Build.0 = Release|Any CPU
	EndGlobalSection
	GlobalSection(SolutionProperties) = preSolution
		HideSolutionNode = FALSE
	EndGlobalSection
EndGlobal
