
Microsoft Visual Studio Solution File, Format Version 12.00
# Visual Studio 15
VisualStudioVersion = 15.0.26730.8
MinimumVisualStudioVersion = 10.0.40219.1
Project("{FAE04EC0-301F-11D3-BF4B-00C04F79EFBC}") = "SimpleVSWinFormsApp", "SimpleVSWinFormsApp\SimpleVSWinFormsApp.csproj", "{F4BAA2CC-EB73-4B3D-8620-AF44CE81B063}"
EndProject
Global
	GlobalSection(SolutionConfigurationPlatforms) = preSolution
		Debug|Any CPU = Debug|Any CPU
		Release|Any CPU = Release|Any CPU
	EndGlobalSection
	GlobalSection(ProjectConfigurationPlatforms) = postSolution
		{F4BAA2CC-EB73-4B3D-8620-AF44CE81B063}.Debug|Any CPU.ActiveCfg = Debug|Any CPU
		{F4BAA2CC-EB73-4B3D-8620-AF44CE81B063}.Debug|Any CPU.Build.0 = Debug|Any CPU
		{F4BAA2CC-EB73-4B3D-8620-AF44CE81B063}.Release|Any CPU.ActiveCfg = Release|Any CPU
		{F4BAA2CC-EB73-4B3D-8620-AF44CE81B063}.Release|Any CPU.Build.0 = Release|Any CPU
	EndGlobalSection
	GlobalSection(SolutionProperties) = preSolution
		HideSolutionNode = FALSE
	EndGlobalSection
	GlobalSection(ExtensibilityGlobals) = postSolution
		SolutionGuid = {F34A543C-BCA4-4644-AED5-87C1AF90D3EF}
	EndGlobalSection
EndGlobal
